
Microsoft Visual Studio Solution File, Format Version 12.00
# Visual Studio Version 17
VisualStudioVersion = 17.14.36414.22 d17.14
MinimumVisualStudioVersion = 10.0.40219.1
Project("{FAE04EC0-301F-11D3-BF4B-00C04F79EFBC}") = "QMS_Certificate_Store_Portal", "QMS_Certificate_Store_Portal\QMS_Certificate_Store_Portal.csproj", "{00505E6D-3048-42DE-AF6B-EFDD14C13E45}"
EndProject
Global
	GlobalSection(SolutionConfigurationPlatforms) = preSolution
		Debug|Any CPU = Debug|Any CPU
		Release|Any CPU = Release|Any CPU
	EndGlobalSection
	GlobalSection(ProjectConfigurationPlatforms) = postSolution
		{00505E6D-3048-42DE-AF6B-EFDD14C13E45}.Debug|Any CPU.ActiveCfg = Debug|Any CPU
		{00505E6D-3048-42DE-AF6B-EFDD14C13E45}.Debug|Any CPU.Build.0 = Debug|Any CPU
		{00505E6D-3048-42DE-AF6B-EFDD14C13E45}.Release|Any CPU.ActiveCfg = Release|Any CPU
		{00505E6D-3048-42DE-AF6B-EFDD14C13E45}.Release|Any CPU.Build.0 = Release|Any CPU
	EndGlobalSection
	GlobalSection(SolutionProperties) = preSolution
		HideSolutionNode = FALSE
	EndGlobalSection
	GlobalSection(ExtensibilityGlobals) = postSolution
		SolutionGuid = {1E5CCCA4-B714-40E0-ACF3-5F2B7735D04F}
	EndGlobalSection
EndGlobal
